
Microsoft Visual Studio Solution File, Format Version 12.00
# Visual Studio Version 17
VisualStudioVersion = 17.0.31903.59
MinimumVisualStudioVersion = 10.0.40219.1
Project("{FAE04EC0-301F-11D3-BF4B-00C04F79EFBC}") = "Routes.API", "Routes.API\Routes.API.csproj", "{A089CE8F-E7F7-4051-9C69-A35DC9652F94}"
EndProject
Project("{FAE04EC0-301F-11D3-BF4B-00C04F79EFBC}") = "Routes.Application", "Routes.Application\Routes.Application.csproj", "{D339EBDC-CE75-4DFE-8520-FBA15FED2E84}"
EndProject
Project("{FAE04EC0-301F-11D3-BF4B-00C04F79EFBC}") = "Routes.Domain", "Routes.Domain\Routes.Domain.csproj", "{83C515F5-C55E-4832-8645-99A6ABDCCFD4}"
EndProject
Project("{FAE04EC0-301F-11D3-BF4B-00C04F79EFBC}") = "Routes.Infrastructure", "Routes.Infrastructure\Routes.Infrastructure.csproj", "{EACB0ECE-866A-42AC-8ABE-C09E08469F61}"
EndProject
Project("{FAE04EC0-301F-11D3-BF4B-00C04F79EFBC}") = "Routes.Contracts", "Routes.Contracts\Routes.Contracts.csproj", "{0200960D-2F08-4F1A-80F7-B6E043E8DCE2}"
EndProject
Global
	GlobalSection(SolutionConfigurationPlatforms) = preSolution
		Debug|Any CPU = Debug|Any CPU
		Debug|x64 = Debug|x64
		Debug|x86 = Debug|x86
		Release|Any CPU = Release|Any CPU
		Release|x64 = Release|x64
		Release|x86 = Release|x86
	EndGlobalSection
	GlobalSection(ProjectConfigurationPlatforms) = postSolution
		{A089CE8F-E7F7-4051-9C69-A35DC9652F94}.Debug|Any CPU.ActiveCfg = Debug|Any CPU
		{A089CE8F-E7F7-4051-9C69-A35DC9652F94}.Debug|Any CPU.Build.0 = Debug|Any CPU
		{A089CE8F-E7F7-4051-9C69-A35DC9652F94}.Debug|x64.ActiveCfg = Debug|Any CPU
		{A089CE8F-E7F7-4051-9C69-A35DC9652F94}.Debug|x64.Build.0 = Debug|Any CPU
		{A089CE8F-E7F7-4051-9C69-A35DC9652F94}.Debug|x86.ActiveCfg = Debug|Any CPU
		{A089CE8F-E7F7-4051-9C69-A35DC9652F94}.Debug|x86.Build.0 = Debug|Any CPU
		{A089CE8F-E7F7-4051-9C69-A35DC9652F94}.Release|Any CPU.ActiveCfg = Release|Any CPU
		{A089CE8F-E7F7-4051-9C69-A35DC9652F94}.Release|Any CPU.Build.0 = Release|Any CPU
		{A089CE8F-E7F7-4051-9C69-A35DC9652F94}.Release|x64.ActiveCfg = Release|Any CPU
		{A089CE8F-E7F7-4051-9C69-A35DC9652F94}.Release|x64.Build.0 = Release|Any CPU
		{A089CE8F-E7F7-4051-9C69-A35DC9652F94}.Release|x86.ActiveCfg = Release|Any CPU
		{A089CE8F-E7F7-4051-9C69-A35DC9652F94}.Release|x86.Build.0 = Release|Any CPU
		{D339EBDC-CE75-4DFE-8520-FBA15FED2E84}.Debug|Any CPU.ActiveCfg = Debug|Any CPU
		{D339EBDC-CE75-4DFE-8520-FBA15FED2E84}.Debug|Any CPU.Build.0 = Debug|Any CPU
		{D339EBDC-CE75-4DFE-8520-FBA15FED2E84}.Debug|x64.ActiveCfg = Debug|Any CPU
		{D339EBDC-CE75-4DFE-8520-FBA15FED2E84}.Debug|x64.Build.0 = Debug|Any CPU
		{D339EBDC-CE75-4DFE-8520-FBA15FED2E84}.Debug|x86.ActiveCfg = Debug|Any CPU
		{D339EBDC-CE75-4DFE-8520-FBA15FED2E84}.Debug|x86.Build.0 = Debug|Any CPU
		{D339EBDC-CE75-4DFE-8520-FBA15FED2E84}.Release|Any CPU.ActiveCfg = Release|Any CPU
		{D339EBDC-CE75-4DFE-8520-FBA15FED2E84}.Release|Any CPU.Build.0 = Release|Any CPU
		{D339EBDC-CE75-4DFE-8520-FBA15FED2E84}.Release|x64.ActiveCfg = Release|Any CPU
		{D339EBDC-CE75-4DFE-8520-FBA15FED2E84}.Release|x64.Build.0 = Release|Any CPU
		{D339EBDC-CE75-4DFE-8520-FBA15FED2E84}.Release|x86.ActiveCfg = Release|Any CPU
		{D339EBDC-CE75-4DFE-8520-FBA15FED2E84}.Release|x86.Build.0 = Release|Any CPU
		{83C515F5-C55E-4832-8645-99A6ABDCCFD4}.Debug|Any CPU.ActiveCfg = Debug|Any CPU
		{83C515F5-C55E-4832-8645-99A6ABDCCFD4}.Debug|Any CPU.Build.0 = Debug|Any CPU
		{83C515F5-C55E-4832-8645-99A6ABDCCFD4}.Debug|x64.ActiveCfg = Debug|Any CPU
		{83C515F5-C55E-4832-8645-99A6ABDCCFD4}.Debug|x64.Build.0 = Debug|Any CPU
		{83C515F5-C55E-4832-8645-99A6ABDCCFD4}.Debug|x86.ActiveCfg = Debug|Any CPU
		{83C515F5-C55E-4832-8645-99A6ABDCCFD4}.Debug|x86.Build.0 = Debug|Any CPU
		{83C515F5-C55E-4832-8645-99A6ABDCCFD4}.Release|Any CPU.ActiveCfg = Release|Any CPU
		{83C515F5-C55E-4832-8645-99A6ABDCCFD4}.Release|Any CPU.Build.0 = Release|Any CPU
		{83C515F5-C55E-4832-8645-99A6ABDCCFD4}.Release|x64.ActiveCfg = Release|Any CPU
		{83C515F5-C55E-4832-8645-99A6ABDCCFD4}.Release|x64.Build.0 = Release|Any CPU
		{83C515F5-C55E-4832-8645-99A6ABDCCFD4}.Release|x86.ActiveCfg = Release|Any CPU
		{83C515F5-C55E-4832-8645-99A6ABDCCFD4}.Release|x86.Build.0 = Release|Any CPU
		{EACB0ECE-866A-42AC-8ABE-C09E08469F61}.Debug|Any CPU.ActiveCfg = Debug|Any CPU
		{EACB0ECE-866A-42AC-8ABE-C09E08469F61}.Debug|Any CPU.Build.0 = Debug|Any CPU
		{EACB0ECE-866A-42AC-8ABE-C09E08469F61}.Debug|x64.ActiveCfg = Debug|Any CPU
		{EACB0ECE-866A-42AC-8ABE-C09E08469F61}.Debug|x64.Build.0 = Debug|Any CPU
		{EACB0ECE-866A-42AC-8ABE-C09E08469F61}.Debug|x86.ActiveCfg = Debug|Any CPU
		{EACB0ECE-866A-42AC-8ABE-C09E08469F61}.Debug|x86.Build.0 = Debug|Any CPU
		{EACB0ECE-866A-42AC-8ABE-C09E08469F61}.Release|Any CPU.ActiveCfg = Release|Any CPU
		{EACB0ECE-866A-42AC-8ABE-C09E08469F61}.Release|Any CPU.Build.0 = Release|Any CPU
		{EACB0ECE-866A-42AC-8ABE-C09E08469F61}.Release|x64.ActiveCfg = Release|Any CPU
		{EACB0ECE-866A-42AC-8ABE-C09E08469F61}.Release|x64.Build.0 = Release|Any CPU
		{EACB0ECE-866A-42AC-8ABE-C09E08469F61}.Release|x86.ActiveCfg = Release|Any CPU
		{EACB0ECE-866A-42AC-8ABE-C09E08469F61}.Release|x86.Build.0 = Release|Any CPU
		{0200960D-2F08-4F1A-80F7-B6E043E8DCE2}.Debug|Any CPU.ActiveCfg = Debug|Any CPU
		{0200960D-2F08-4F1A-80F7-B6E043E8DCE2}.Debug|Any CPU.Build.0 = Debug|Any CPU
		{0200960D-2F08-4F1A-80F7-B6E043E8DCE2}.Debug|x64.ActiveCfg = Debug|Any CPU
		{0200960D-2F08-4F1A-80F7-B6E043E8DCE2}.Debug|x64.Build.0 = Debug|Any CPU
		{0200960D-2F08-4F1A-80F7-B6E043E8DCE2}.Debug|x86.ActiveCfg = Debug|Any CPU
		{0200960D-2F08-4F1A-80F7-B6E043E8DCE2}.Debug|x86.Build.0 = Debug|Any CPU
		{0200960D-2F08-4F1A-80F7-B6E043E8DCE2}.Release|Any CPU.ActiveCfg = Release|Any CPU
		{0200960D-2F08-4F1A-80F7-B6E043E8DCE2}.Release|Any CPU.Build.0 = Release|Any CPU
		{0200960D-2F08-4F1A-80F7-B6E043E8DCE2}.Release|x64.ActiveCfg = Release|Any CPU
		{0200960D-2F08-4F1A-80F7-B6E043E8DCE2}.Release|x64.Build.0 = Release|Any CPU
		{0200960D-2F08-4F1A-80F7-B6E043E8DCE2}.Release|x86.ActiveCfg = Release|Any CPU
		{0200960D-2F08-4F1A-80F7-B6E043E8DCE2}.Release|x86.Build.0 = Release|Any CPU
	EndGlobalSection
	GlobalSection(SolutionProperties) = preSolution
		HideSolutionNode = FALSE
	EndGlobalSection
EndGlobal
